// !$*UTF8*$!
{
	archiveVersion = 1;
	classes = {
	};
	objectVersion = 46;
	objects = {

/* Begin PBXBuildFile section */
		959AC5ED1A38050A00F8AFC2 /* MovieViewController.swift in Sources */ = {isa = PBXBuildFile; fileRef = 959AC5EC1A38050A00F8AFC2 /* MovieViewController.swift */; };
		959AC6021A4546C300F8AFC2 /* User.swift in Sources */ = {isa = PBXBuildFile; fileRef = 959AC6011A4546C300F8AFC2 /* User.swift */; };
		959AC60B1A45492000F8AFC2 /* ShowTime.swift in Sources */ = {isa = PBXBuildFile; fileRef = 959AC60A1A45492000F8AFC2 /* ShowTime.swift */; };
		95B9BB9D1A31406500629A95 /* AppDelegate.swift in Sources */ = {isa = PBXBuildFile; fileRef = 95B9BB9C1A31406500629A95 /* AppDelegate.swift */; };
		95B9BBA21A31406500629A95 /* Main.storyboard in Resources */ = {isa = PBXBuildFile; fileRef = 95B9BBA01A31406500629A95 /* Main.storyboard */; };
		95B9BBA41A31406500629A95 /* Images.xcassets in Resources */ = {isa = PBXBuildFile; fileRef = 95B9BBA31A31406500629A95 /* Images.xcassets */; };
		95B9BBA71A31406500629A95 /* LaunchScreen.xib in Resources */ = {isa = PBXBuildFile; fileRef = 95B9BBA51A31406500629A95 /* LaunchScreen.xib */; };
		95B9BBB31A31406500629A95 /* MovieKeTests.swift in Sources */ = {isa = PBXBuildFile; fileRef = 95B9BBB21A31406500629A95 /* MovieKeTests.swift */; };
		95B9BBC11A31431600629A95 /* MoviesViewController.swift in Sources */ = {isa = PBXBuildFile; fileRef = 95B9BBC01A31431600629A95 /* MoviesViewController.swift */; };
		95B9BBC31A31453200629A95 /* UIViewLayoutExtension.swift in Sources */ = {isa = PBXBuildFile; fileRef = 95B9BBC21A31453200629A95 /* UIViewLayoutExtension.swift */; };
		95B9BBC71A316BE900629A95 /* Movie.swift in Sources */ = {isa = PBXBuildFile; fileRef = 95B9BBC61A316BE900629A95 /* Movie.swift */; };
		95B9CD531A454A11001B511C /* Theater.swift in Sources */ = {isa = PBXBuildFile; fileRef = 95B9CD521A454A11001B511C /* Theater.swift */; };
		95B9CD551A472D11001B511C /* RTAPI.swift in Sources */ = {isa = PBXBuildFile; fileRef = 95B9CD541A472D11001B511C /* RTAPI.swift */; };
		95B9CD571A472D3F001B511C /* TMDBAPI.swift in Sources */ = {isa = PBXBuildFile; fileRef = 95B9CD561A472D3F001B511C /* TMDBAPI.swift */; };
		95B9CD591A47D59B001B511C /* MovieService.swift in Sources */ = {isa = PBXBuildFile; fileRef = 95B9CD581A47D59B001B511C /* MovieService.swift */; };
		95B9CD5B1A47D5B1001B511C /* MovieAPI.swift in Sources */ = {isa = PBXBuildFile; fileRef = 95B9CD5A1A47D5B1001B511C /* MovieAPI.swift */; };
/* End PBXBuildFile section */

/* Begin PBXContainerItemProxy section */
		95B9BBAD1A31406500629A95 /* PBXContainerItemProxy */ = {
			isa = PBXContainerItemProxy;
			containerPortal = 95B9BB8F1A31406500629A95 /* Project object */;
			proxyType = 1;
			remoteGlobalIDString = 95B9BB961A31406500629A95;
			remoteInfo = MovieKe;
		};
/* End PBXContainerItemProxy section */

/* Begin PBXFileReference section */
		959AC5EC1A38050A00F8AFC2 /* MovieViewController.swift */ = {isa = PBXFileReference; fileEncoding = 4; lastKnownFileType = sourcecode.swift; path = MovieViewController.swift; sourceTree = "<group>"; };
		959AC6011A4546C300F8AFC2 /* User.swift */ = {isa = PBXFileReference; fileEncoding = 4; lastKnownFileType = sourcecode.swift; path = User.swift; sourceTree = "<group>"; };
		959AC60A1A45492000F8AFC2 /* ShowTime.swift */ = {isa = PBXFileReference; fileEncoding = 4; lastKnownFileType = sourcecode.swift; path = ShowTime.swift; sourceTree = "<group>"; };
		95B9BB971A31406500629A95 /* MovieKe.app */ = {isa = PBXFileReference; explicitFileType = wrapper.application; includeInIndex = 0; path = MovieKe.app; sourceTree = BUILT_PRODUCTS_DIR; };
		95B9BB9B1A31406500629A95 /* Info.plist */ = {isa = PBXFileReference; lastKnownFileType = text.plist.xml; path = Info.plist; sourceTree = "<group>"; };
		95B9BB9C1A31406500629A95 /* AppDelegate.swift */ = {isa = PBXFileReference; lastKnownFileType = sourcecode.swift; path = AppDelegate.swift; sourceTree = "<group>"; };
		95B9BBA11A31406500629A95 /* Base */ = {isa = PBXFileReference; lastKnownFileType = file.storyboard; name = Base; path = Base.lproj/Main.storyboard; sourceTree = "<group>"; };
		95B9BBA31A31406500629A95 /* Images.xcassets */ = {isa = PBXFileReference; lastKnownFileType = folder.assetcatalog; path = Images.xcassets; sourceTree = "<group>"; };
		95B9BBA61A31406500629A95 /* Base */ = {isa = PBXFileReference; lastKnownFileType = file.xib; name = Base; path = Base.lproj/LaunchScreen.xib; sourceTree = "<group>"; };
		95B9BBAC1A31406500629A95 /* MovieKeTests.xctest */ = {isa = PBXFileReference; explicitFileType = wrapper.cfbundle; includeInIndex = 0; path = MovieKeTests.xctest; sourceTree = BUILT_PRODUCTS_DIR; };
		95B9BBB11A31406500629A95 /* Info.plist */ = {isa = PBXFileReference; lastKnownFileType = text.plist.xml; path = Info.plist; sourceTree = "<group>"; };
		95B9BBB21A31406500629A95 /* MovieKeTests.swift */ = {isa = PBXFileReference; lastKnownFileType = sourcecode.swift; path = MovieKeTests.swift; sourceTree = "<group>"; };
		95B9BBC01A31431600629A95 /* MoviesViewController.swift */ = {isa = PBXFileReference; fileEncoding = 4; lastKnownFileType = sourcecode.swift; path = MoviesViewController.swift; sourceTree = "<group>"; };
		95B9BBC21A31453200629A95 /* UIViewLayoutExtension.swift */ = {isa = PBXFileReference; fileEncoding = 4; lastKnownFileType = sourcecode.swift; path = UIViewLayoutExtension.swift; sourceTree = "<group>"; };
		95B9BBC61A316BE900629A95 /* Movie.swift */ = {isa = PBXFileReference; fileEncoding = 4; lastKnownFileType = sourcecode.swift; path = Movie.swift; sourceTree = "<group>"; };
		95B9CD521A454A11001B511C /* Theater.swift */ = {isa = PBXFileReference; fileEncoding = 4; lastKnownFileType = sourcecode.swift; path = Theater.swift; sourceTree = "<group>"; };
		95B9CD541A472D11001B511C /* RTAPI.swift */ = {isa = PBXFileReference; fileEncoding = 4; lastKnownFileType = sourcecode.swift; path = RTAPI.swift; sourceTree = "<group>"; };
		95B9CD561A472D3F001B511C /* TMDBAPI.swift */ = {isa = PBXFileReference; fileEncoding = 4; lastKnownFileType = sourcecode.swift; path = TMDBAPI.swift; sourceTree = "<group>"; };
		95B9CD581A47D59B001B511C /* MovieService.swift */ = {isa = PBXFileReference; fileEncoding = 4; lastKnownFileType = sourcecode.swift; path = MovieService.swift; sourceTree = "<group>"; };
		95B9CD5A1A47D5B1001B511C /* MovieAPI.swift */ = {isa = PBXFileReference; fileEncoding = 4; lastKnownFileType = sourcecode.swift; path = MovieAPI.swift; sourceTree = "<group>"; };
/* End PBXFileReference section */

/* Begin PBXFrameworksBuildPhase section */
		95B9BB941A31406500629A95 /* Frameworks */ = {
			isa = PBXFrameworksBuildPhase;
			buildActionMask = 2147483647;
			files = (
			);
			runOnlyForDeploymentPostprocessing = 0;
		};
		95B9BBA91A31406500629A95 /* Frameworks */ = {
			isa = PBXFrameworksBuildPhase;
			buildActionMask = 2147483647;
			files = (
			);
			runOnlyForDeploymentPostprocessing = 0;
		};
/* End PBXFrameworksBuildPhase section */

/* Begin PBXGroup section */
		959AC6031A45472600F8AFC2 /* Model */ = {
			isa = PBXGroup;
			children = (
				95B9BBC61A316BE900629A95 /* Movie.swift */,
				95B9CD521A454A11001B511C /* Theater.swift */,
				959AC6011A4546C300F8AFC2 /* User.swift */,
				959AC60A1A45492000F8AFC2 /* ShowTime.swift */,
			);
			name = Model;
			sourceTree = "<group>";
		};
		959AC6041A45473500F8AFC2 /* Extensions */ = {
			isa = PBXGroup;
			children = (
				95B9BBC21A31453200629A95 /* UIViewLayoutExtension.swift */,
			);
			name = Extensions;
			sourceTree = "<group>";
		};
		959AC6051A45474B00F8AFC2 /* Api */ = {
			isa = PBXGroup;
			children = (
				95B9CD581A47D59B001B511C /* MovieService.swift */,
				95B9CD5A1A47D5B1001B511C /* MovieAPI.swift */,
				95B9CD541A472D11001B511C /* RTAPI.swift */,
				95B9CD561A472D3F001B511C /* TMDBAPI.swift */,
			);
			name = Api;
			sourceTree = "<group>";
		};
		95B9BB8E1A31406500629A95 = {
			isa = PBXGroup;
			children = (
				95B9BB991A31406500629A95 /* MovieKe */,
				95B9BBAF1A31406500629A95 /* MovieKeTests */,
				95B9BB981A31406500629A95 /* Products */,
			);
			sourceTree = "<group>";
		};
		95B9BB981A31406500629A95 /* Products */ = {
			isa = PBXGroup;
			children = (
				95B9BB971A31406500629A95 /* MovieKe.app */,
				95B9BBAC1A31406500629A95 /* MovieKeTests.xctest */,
			);
			name = Products;
			sourceTree = "<group>";
		};
		95B9BB991A31406500629A95 /* MovieKe */ = {
			isa = PBXGroup;
			children = (
				95B9BB9C1A31406500629A95 /* AppDelegate.swift */,
				95B9BBC01A31431600629A95 /* MoviesViewController.swift */,
				959AC5EC1A38050A00F8AFC2 /* MovieViewController.swift */,
				959AC6051A45474B00F8AFC2 /* Api */,
				959AC6031A45472600F8AFC2 /* Model */,
				959AC6041A45473500F8AFC2 /* Extensions */,
				95B9BBA01A31406500629A95 /* Main.storyboard */,
				95B9BBA31A31406500629A95 /* Images.xcassets */,
				95B9BBA51A31406500629A95 /* LaunchScreen.xib */,
				95B9BB9A1A31406500629A95 /* Supporting Files */,
			);
			path = MovieKe;
			sourceTree = "<group>";
		};
		95B9BB9A1A31406500629A95 /* Supporting Files */ = {
			isa = PBXGroup;
			children = (
				95B9BB9B1A31406500629A95 /* Info.plist */,
			);
			name = "Supporting Files";
			sourceTree = "<group>";
		};
		95B9BBAF1A31406500629A95 /* MovieKeTests */ = {
			isa = PBXGroup;
			children = (
				95B9BBB21A31406500629A95 /* MovieKeTests.swift */,
				95B9BBB01A31406500629A95 /* Supporting Files */,
			);
			path = MovieKeTests;
			sourceTree = "<group>";
		};
		95B9BBB01A31406500629A95 /* Supporting Files */ = {
			isa = PBXGroup;
			children = (
				95B9BBB11A31406500629A95 /* Info.plist */,
			);
			name = "Supporting Files";
			sourceTree = "<group>";
		};
/* End PBXGroup section */

/* Begin PBXNativeTarget section */
		95B9BB961A31406500629A95 /* MovieKe */ = {
			isa = PBXNativeTarget;
			buildConfigurationList = 95B9BBB61A31406500629A95 /* Build configuration list for PBXNativeTarget "MovieKe" */;
			buildPhases = (
				95B9BB931A31406500629A95 /* Sources */,
				95B9BB941A31406500629A95 /* Frameworks */,
				95B9BB951A31406500629A95 /* Resources */,
			);
			buildRules = (
			);
			dependencies = (
			);
			name = MovieKe;
			productName = MovieKe;
			productReference = 95B9BB971A31406500629A95 /* MovieKe.app */;
			productType = "com.apple.product-type.application";
		};
		95B9BBAB1A31406500629A95 /* MovieKeTests */ = {
			isa = PBXNativeTarget;
			buildConfigurationList = 95B9BBB91A31406500629A95 /* Build configuration list for PBXNativeTarget "MovieKeTests" */;
			buildPhases = (
				95B9BBA81A31406500629A95 /* Sources */,
				95B9BBA91A31406500629A95 /* Frameworks */,
				95B9BBAA1A31406500629A95 /* Resources */,
			);
			buildRules = (
			);
			dependencies = (
				95B9BBAE1A31406500629A95 /* PBXTargetDependency */,
			);
			name = MovieKeTests;
			productName = MovieKeTests;
			productReference = 95B9BBAC1A31406500629A95 /* MovieKeTests.xctest */;
			productType = "com.apple.product-type.bundle.unit-test";
		};
/* End PBXNativeTarget section */

/* Begin PBXProject section */
		95B9BB8F1A31406500629A95 /* Project object */ = {
			isa = PBXProject;
			attributes = {
				LastUpgradeCheck = 0600;
				ORGANIZATIONNAME = Kunwar;
				TargetAttributes = {
					95B9BB961A31406500629A95 = {
						CreatedOnToolsVersion = 6.0.1;
					};
					95B9BBAB1A31406500629A95 = {
						CreatedOnToolsVersion = 6.0.1;
						TestTargetID = 95B9BB961A31406500629A95;
					};
				};
			};
			buildConfigurationList = 95B9BB921A31406500629A95 /* Build configuration list for PBXProject "MovieKe" */;
			compatibilityVersion = "Xcode 3.2";
			developmentRegion = English;
			hasScannedForEncodings = 0;
			knownRegions = (
				en,
				Base,
			);
			mainGroup = 95B9BB8E1A31406500629A95;
			productRefGroup = 95B9BB981A31406500629A95 /* Products */;
			projectDirPath = "";
			projectRoot = "";
			targets = (
				95B9BB961A31406500629A95 /* MovieKe */,
				95B9BBAB1A31406500629A95 /* MovieKeTests */,
			);
		};
/* End PBXProject section */

/* Begin PBXResourcesBuildPhase section */
		95B9BB951A31406500629A95 /* Resources */ = {
			isa = PBXResourcesBuildPhase;
			buildActionMask = 2147483647;
			files = (
				95B9BBA21A31406500629A95 /* Main.storyboard in Resources */,
				95B9BBA71A31406500629A95 /* LaunchScreen.xib in Resources */,
				95B9BBA41A31406500629A95 /* Images.xcassets in Resources */,
			);
			runOnlyForDeploymentPostprocessing = 0;
		};
		95B9BBAA1A31406500629A95 /* Resources */ = {
			isa = PBXResourcesBuildPhase;
			buildActionMask = 2147483647;
			files = (
			);
			runOnlyForDeploymentPostprocessing = 0;
		};
/* End PBXResourcesBuildPhase section */

/* Begin PBXSourcesBuildPhase section */
		95B9BB931A31406500629A95 /* Sources */ = {
			isa = PBXSourcesBuildPhase;
			buildActionMask = 2147483647;
			files = (
				95B9CD551A472D11001B511C /* RTAPI.swift in Sources */,
				95B9BB9D1A31406500629A95 /* AppDelegate.swift in Sources */,
				95B9CD591A47D59B001B511C /* MovieService.swift in Sources */,
				95B9CD571A472D3F001B511C /* TMDBAPI.swift in Sources */,
				959AC60B1A45492000F8AFC2 /* ShowTime.swift in Sources */,
				95B9BBC11A31431600629A95 /* MoviesViewController.swift in Sources */,
				95B9CD531A454A11001B511C /* Theater.swift in Sources */,
				95B9CD5B1A47D5B1001B511C /* MovieAPI.swift in Sources */,
				95B9BBC31A31453200629A95 /* UIViewLayoutExtension.swift in Sources */,
				95B9BBC71A316BE900629A95 /* Movie.swift in Sources */,
				959AC5ED1A38050A00F8AFC2 /* MovieViewController.swift in Sources */,
				959AC6021A4546C300F8AFC2 /* User.swift in Sources */,
			);
			runOnlyForDeploymentPostprocessing = 0;
		};
		95B9BBA81A31406500629A95 /* Sources */ = {
			isa = PBXSourcesBuildPhase;
			buildActionMask = 2147483647;
			files = (
				95B9BBB31A31406500629A95 /* MovieKeTests.swift in Sources */,
			);
			runOnlyForDeploymentPostprocessing = 0;
		};
/* End PBXSourcesBuildPhase section */

/* Begin PBXTargetDependency section */
		95B9BBAE1A31406500629A95 /* PBXTargetDependency */ = {
			isa = PBXTargetDependency;
			target = 95B9BB961A31406500629A95 /* MovieKe */;
			targetProxy = 95B9BBAD1A31406500629A95 /* PBXContainerItemProxy */;
		};
/* End PBXTargetDependency section */

/* Begin PBXVariantGroup section */
		95B9BBA01A31406500629A95 /* Main.storyboard */ = {
			isa = PBXVariantGroup;
			children = (
				95B9BBA11A31406500629A95 /* Base */,
			);
			name = Main.storyboard;
			sourceTree = "<group>";
		};
		95B9BBA51A31406500629A95 /* LaunchScreen.xib */ = {
			isa = PBXVariantGroup;
			children = (
				95B9BBA61A31406500629A95 /* Base */,
			);
			name = LaunchScreen.xib;
			sourceTree = "<group>";
		};
/* End PBXVariantGroup section */

/* Begin XCBuildConfiguration section */
		95B9BBB41A31406500629A95 /* Debug */ = {
			isa = XCBuildConfiguration;
			buildSettings = {
				ALWAYS_SEARCH_USER_PATHS = NO;
				CLANG_CXX_LANGUAGE_STANDARD = "gnu++0x";
				CLANG_CXX_LIBRARY = "libc++";
				CLANG_ENABLE_MODULES = YES;
				CLANG_ENABLE_OBJC_ARC = YES;
				CLANG_WARN_BOOL_CONVERSION = YES;
				CLANG_WARN_CONSTANT_CONVERSION = YES;
				CLANG_WARN_DIRECT_OBJC_ISA_USAGE = YES_ERROR;
				CLANG_WARN_EMPTY_BODY = YES;
				CLANG_WARN_ENUM_CONVERSION = YES;
				CLANG_WARN_INT_CONVERSION = YES;
				CLANG_WARN_OBJC_ROOT_CLASS = YES_ERROR;
				CLANG_WARN_UNREACHABLE_CODE = YES;
				CLANG_WARN__DUPLICATE_METHOD_MATCH = YES;
				"CODE_SIGN_IDENTITY[sdk=iphoneos*]" = "iPhone Developer";
				COPY_PHASE_STRIP = NO;
				ENABLE_STRICT_OBJC_MSGSEND = YES;
				GCC_C_LANGUAGE_STANDARD = gnu99;
				GCC_DYNAMIC_NO_PIC = NO;
				GCC_OPTIMIZATION_LEVEL = 0;
				GCC_PREPROCESSOR_DEFINITIONS = (
					"DEBUG=1",
					"$(inherited)",
				);
				GCC_SYMBOLS_PRIVATE_EXTERN = NO;
				GCC_WARN_64_TO_32_BIT_CONVERSION = YES;
				GCC_WARN_ABOUT_RETURN_TYPE = YES_ERROR;
				GCC_WARN_UNDECLARED_SELECTOR = YES;
				GCC_WARN_UNINITIALIZED_AUTOS = YES_AGGRESSIVE;
				GCC_WARN_UNUSED_FUNCTION = YES;
				GCC_WARN_UNUSED_VARIABLE = YES;
				IPHONEOS_DEPLOYMENT_TARGET = 8.0;
				MTL_ENABLE_DEBUG_INFO = YES;
				ONLY_ACTIVE_ARCH = YES;
				SDKROOT = iphoneos;
				SWIFT_OPTIMIZATION_LEVEL = "-Onone";
				TARGETED_DEVICE_FAMILY = "1,2";
			};
			name = Debug;
		};
		95B9BBB51A31406500629A95 /* Release */ = {
			isa = XCBuildConfiguration;
			buildSettings = {
				ALWAYS_SEARCH_USER_PATHS = NO;
				CLANG_CXX_LANGUAGE_STANDARD = "gnu++0x";
				CLANG_CXX_LIBRARY = "libc++";
				CLANG_ENABLE_MODULES = YES;
				CLANG_ENABLE_OBJC_ARC = YES;
				CLANG_WARN_BOOL_CONVERSION = YES;
				CLANG_WARN_CONSTANT_CONVERSION = YES;
				CLANG_WARN_DIRECT_OBJC_ISA_USAGE = YES_ERROR;
				CLANG_WARN_EMPTY_BODY = YES;
				CLANG_WARN_ENUM_CONVERSION = YES;
				CLANG_WARN_INT_CONVERSION = YES;
				CLANG_WARN_OBJC_ROOT_CLASS = YES_ERROR;
				CLANG_WARN_UNREACHABLE_CODE = YES;
				CLANG_WARN__DUPLICATE_METHOD_MATCH = YES;
				"CODE_SIGN_IDENTITY[sdk=iphoneos*]" = "iPhone Developer";
				COPY_PHASE_STRIP = YES;
				ENABLE_NS_ASSERTIONS = NO;
				ENABLE_STRICT_OBJC_MSGSEND = YES;
				GCC_C_LANGUAGE_STANDARD = gnu99;
				GCC_WARN_64_TO_32_BIT_CONVERSION = YES;
				GCC_WARN_ABOUT_RETURN_TYPE = YES_ERROR;
				GCC_WARN_UNDECLARED_SELECTOR = YES;
				GCC_WARN_UNINITIALIZED_AUTOS = YES_AGGRESSIVE;
				GCC_WARN_UNUSED_FUNCTION = YES;
				GCC_WARN_UNUSED_VARIABLE = YES;
				IPHONEOS_DEPLOYMENT_TARGET = 8.0;
				MTL_ENABLE_DEBUG_INFO = NO;
				SDKROOT = iphoneos;
				TARGETED_DEVICE_FAMILY = "1,2";
				VALIDATE_PRODUCT = YES;
			};
			name = Release;
		};
		95B9BBB71A31406500629A95 /* Debug */ = {
			isa = XCBuildConfiguration;
			buildSettings = {
				ASSETCATALOG_COMPILER_APPICON_NAME = AppIcon;
				INFOPLIST_FILE = MovieKe/Info.plist;
				LD_RUNPATH_SEARCH_PATHS = "$(inherited) @executable_path/Frameworks";
				PRODUCT_NAME = "$(TARGET_NAME)";
			};
			name = Debug;
		};
		95B9BBB81A31406500629A95 /* Release */ = {
			isa = XCBuildConfiguration;
			buildSettings = {
				ASSETCATALOG_COMPILER_APPICON_NAME = AppIcon;
				INFOPLIST_FILE = MovieKe/Info.plist;
				LD_RUNPATH_SEARCH_PATHS = "$(inherited) @executable_path/Frameworks";
				PRODUCT_NAME = "$(TARGET_NAME)";
			};
			name = Release;
		};
		95B9BBBA1A31406500629A95 /* Debug */ = {
			isa = XCBuildConfiguration;
			buildSettings = {
				BUNDLE_LOADER = "$(TEST_HOST)";
				FRAMEWORK_SEARCH_PATHS = (
					"$(SDKROOT)/Developer/Library/Frameworks",
					"$(inherited)",
				);
				GCC_PREPROCESSOR_DEFINITIONS = (
					"DEBUG=1",
					"$(inherited)",
				);
				INFOPLIST_FILE = MovieKeTests/Info.plist;
				LD_RUNPATH_SEARCH_PATHS = "$(inherited) @executable_path/Frameworks @loader_path/Frameworks";
				PRODUCT_NAME = "$(TARGET_NAME)";
				TEST_HOST = "$(BUILT_PRODUCTS_DIR)/MovieKe.app/MovieKe";
			};
			name = Debug;
		};
		95B9BBBB1A31406500629A95 /* Release */ = {
			isa = XCBuildConfiguration;
			buildSettings = {
				BUNDLE_LOADER = "$(TEST_HOST)";
				FRAMEWORK_SEARCH_PATHS = (
					"$(SDKROOT)/Developer/Library/Frameworks",
					"$(inherited)",
				);
				INFOPLIST_FILE = MovieKeTests/Info.plist;
				LD_RUNPATH_SEARCH_PATHS = "$(inherited) @executable_path/Frameworks @loader_path/Frameworks";
				PRODUCT_NAME = "$(TARGET_NAME)";
				TEST_HOST = "$(BUILT_PRODUCTS_DIR)/MovieKe.app/MovieKe";
			};
			name = Release;
		};
/* End XCBuildConfiguration section */

/* Begin XCConfigurationList section */
		95B9BB921A31406500629A95 /* Build configuration list for PBXProject "MovieKe" */ = {
			isa = XCConfigurationList;
			buildConfigurations = (
				95B9BBB41A31406500629A95 /* Debug */,
				95B9BBB51A31406500629A95 /* Release */,
			);
			defaultConfigurationIsVisible = 0;
			defaultConfigurationName = Release;
		};
		95B9BBB61A31406500629A95 /* Build configuration list for PBXNativeTarget "MovieKe" */ = {
			isa = XCConfigurationList;
			buildConfigurations = (
				95B9BBB71A31406500629A95 /* Debug */,
				95B9BBB81A31406500629A95 /* Release */,
			);
			defaultConfigurationIsVisible = 0;
			defaultConfigurationName = Release;
		};
		95B9BBB91A31406500629A95 /* Build configuration list for PBXNativeTarget "MovieKeTests" */ = {
			isa = XCConfigurationList;
			buildConfigurations = (
				95B9BBBA1A31406500629A95 /* Debug */,
				95B9BBBB1A31406500629A95 /* Release */,
			);
			defaultConfigurationIsVisible = 0;
			defaultConfigurationName = Release;
		};
/* End XCConfigurationList section */
	};
	rootObject = 95B9BB8F1A31406500629A95 /* Project object */;
}
